
Microsoft Visual Studio Solution File, Format Version 12.00
# Visual Studio Version 16
VisualStudioVersion = 16.0.30002.166
MinimumVisualStudioVersion = 10.0.40219.1
Project("{FAE04EC0-301F-11D3-BF4B-00C04F79EFBC}") = "Snow Shovel Estimate", "Snow Shovel Estimate\Snow Shovel Estimate.csproj", "{F3DD2B40-98B4-4B0F-80AB-FE191E6CA9A9}"
EndProject
Global
	GlobalSection(SolutionConfigurationPlatforms) = preSolution
		Debug|Any CPU = Debug|Any CPU
		Release|Any CPU = Release|Any CPU
	EndGlobalSection
	GlobalSection(ProjectConfigurationPlatforms) = postSolution
		{F3DD2B40-98B4-4B0F-80AB-FE191E6CA9A9}.Debug|Any CPU.ActiveCfg = Debug|Any CPU
		{F3DD2B40-98B4-4B0F-80AB-FE191E6CA9A9}.Debug|Any CPU.Build.0 = Debug|Any CPU
		{F3DD2B40-98B4-4B0F-80AB-FE191E6CA9A9}.Release|Any CPU.ActiveCfg = Release|Any CPU
		{F3DD2B40-98B4-4B0F-80AB-FE191E6CA9A9}.Release|Any CPU.Build.0 = Release|Any CPU
	EndGlobalSection
	GlobalSection(SolutionProperties) = preSolution
		HideSolutionNode = FALSE
	EndGlobalSection
	GlobalSection(ExtensibilityGlobals) = postSolution
		SolutionGuid = {EB387785-053C-4A71-A0DE-B5ADCD9ED0D3}
	EndGlobalSection
EndGlobal
